// !$*UTF8*$!
{
	archiveVersion = 1;
	classes = {
	};
	objectVersion = 50;
	objects = {

/* Begin PBXBuildFile section */
		C85AC47E274E447700AD587F /* Enemy.swift in Sources */ = {isa = PBXBuildFile; fileRef = C85AC47D274E447700AD587F /* Enemy.swift */; };
		C85AC480274E44C800AD587F /* Enemy_1.atlas in Resources */ = {isa = PBXBuildFile; fileRef = C85AC47F274E44C800AD587F /* Enemy_1.atlas */; };
		C85AC485274EAE3600AD587F /* Enemy_2.atlas in Resources */ = {isa = PBXBuildFile; fileRef = C85AC484274EAE3600AD587F /* Enemy_2.atlas */; };
		C89EE6152750FA8300E1D5AC /* HUD.swift in Sources */ = {isa = PBXBuildFile; fileRef = C89EE6142750FA8300E1D5AC /* HUD.swift */; };
		C89EE61D2751081500E1D5AC /* ButtonNode.swift in Sources */ = {isa = PBXBuildFile; fileRef = C89EE61C2751081500E1D5AC /* ButtonNode.swift */; };
		C89EE61F275115F500E1D5AC /* PauseScene.swift in Sources */ = {isa = PBXBuildFile; fileRef = C89EE61E275115F500E1D5AC /* PauseScene.swift */; };
		C89EE6212751245800E1D5AC /* SceneManager.swift in Sources */ = {isa = PBXBuildFile; fileRef = C89EE6202751245800E1D5AC /* SceneManager.swift */; };
		C89EE62327513F1800E1D5AC /* ParentScene.swift in Sources */ = {isa = PBXBuildFile; fileRef = C89EE62227513F1800E1D5AC /* ParentScene.swift */; };
		C89EE6252751436700E1D5AC /* OptionsScene.swift in Sources */ = {isa = PBXBuildFile; fileRef = C89EE6242751436700E1D5AC /* OptionsScene.swift */; };
		C8B9C198274BBC2100FC78F5 /* AppDelegate.swift in Sources */ = {isa = PBXBuildFile; fileRef = C8B9C197274BBC2100FC78F5 /* AppDelegate.swift */; };
		C8B9C19E274BBC2100FC78F5 /* GameScene.swift in Sources */ = {isa = PBXBuildFile; fileRef = C8B9C19D274BBC2100FC78F5 /* GameScene.swift */; };
		C8B9C1A0274BBC2100FC78F5 /* GameViewController.swift in Sources */ = {isa = PBXBuildFile; fileRef = C8B9C19F274BBC2100FC78F5 /* GameViewController.swift */; };
		C8B9C1A3274BBC2100FC78F5 /* Main.storyboard in Resources */ = {isa = PBXBuildFile; fileRef = C8B9C1A1274BBC2100FC78F5 /* Main.storyboard */; };
		C8B9C1A5274BBC2500FC78F5 /* Assets.xcassets in Resources */ = {isa = PBXBuildFile; fileRef = C8B9C1A4274BBC2500FC78F5 /* Assets.xcassets */; };
		C8B9C1AD274BD59800FC78F5 /* Background.swift in Sources */ = {isa = PBXBuildFile; fileRef = C8B9C1AC274BD59800FC78F5 /* Background.swift */; };
		C8B9C1AF274BDBB300FC78F5 /* Island.swift in Sources */ = {isa = PBXBuildFile; fileRef = C8B9C1AE274BDBB300FC78F5 /* Island.swift */; };
		C8B9C1B1274BEB5A00FC78F5 /* Cloud.swift in Sources */ = {isa = PBXBuildFile; fileRef = C8B9C1B0274BEB5A00FC78F5 /* Cloud.swift */; };
		C8B9C1B3274BFC5900FC78F5 /* PlayerPlane.swift in Sources */ = {isa = PBXBuildFile; fileRef = C8B9C1B2274BFC5900FC78F5 /* PlayerPlane.swift */; };
		C8B9C1B5274BFDCD00FC78F5 /* PlayerPlane.atlas in Resources */ = {isa = PBXBuildFile; fileRef = C8B9C1B4274BFDCD00FC78F5 /* PlayerPlane.atlas */; };
		C8DE758427523A2900C34CC4 /* BestScene.swift in Sources */ = {isa = PBXBuildFile; fileRef = C8DE758327523A2900C34CC4 /* BestScene.swift */; };
		C8DE7587275248BD00C34CC4 /* EnemyExplosion.sks in Resources */ = {isa = PBXBuildFile; fileRef = C8DE7585275248BD00C34CC4 /* EnemyExplosion.sks */; };
		C8DE7588275248BD00C34CC4 /* Assets.xcassets in Resources */ = {isa = PBXBuildFile; fileRef = C8DE7586275248BD00C34CC4 /* Assets.xcassets */; };
		C8DE758B2752566900C34CC4 /* GameOverScene.swift in Sources */ = {isa = PBXBuildFile; fileRef = C8DE758A2752566900C34CC4 /* GameOverScene.swift */; };
		C8DE758E275267FC00C34CC4 /* hitSound.wav in Resources */ = {isa = PBXBuildFile; fileRef = C8DE758C275267FC00C34CC4 /* hitSound.wav */; };
		C8DE758F275267FC00C34CC4 /* backgroundMusic.m4a in Resources */ = {isa = PBXBuildFile; fileRef = C8DE758D275267FC00C34CC4 /* backgroundMusic.m4a */; };
		C8EF4A76274D0DC600E2CE19 /* protocol GameBackgroundSpriteable + Extension.swift in Sources */ = {isa = PBXBuildFile; fileRef = C8EF4A75274D0DC600E2CE19 /* protocol GameBackgroundSpriteable + Extension.swift */; };
		C8EF4A78274D562100E2CE19 /* PowerUp.swift in Sources */ = {isa = PBXBuildFile; fileRef = C8EF4A77274D562100E2CE19 /* PowerUp.swift */; };
		C8EF4A7A274D579D00E2CE19 /* GreenPowerUp.atlas in Resources */ = {isa = PBXBuildFile; fileRef = C8EF4A79274D579D00E2CE19 /* GreenPowerUp.atlas */; };
		C8FF6F5F274F90EE000DCB02 /* BluePowerUp.atlas in Resources */ = {isa = PBXBuildFile; fileRef = C8FF6F5E274F90EE000DCB02 /* BluePowerUp.atlas */; };
		C8FF6F61274F9A6D000DCB02 /* BluePowerUp.swift in Sources */ = {isa = PBXBuildFile; fileRef = C8FF6F60274F9A6D000DCB02 /* BluePowerUp.swift */; };
		C8FF6F63274F9A91000DCB02 /* GreenPowerUp.swift in Sources */ = {isa = PBXBuildFile; fileRef = C8FF6F62274F9A91000DCB02 /* GreenPowerUp.swift */; };
		C8FF6F65274FA4DE000DCB02 /* YellowAmmo.atlas in Resources */ = {isa = PBXBuildFile; fileRef = C8FF6F64274FA4DE000DCB02 /* YellowAmmo.atlas */; };
		C8FF6F68274FA5C4000DCB02 /* Shot.swift in Sources */ = {isa = PBXBuildFile; fileRef = C8FF6F67274FA5C4000DCB02 /* Shot.swift */; };
		C8FF6F6A274FA97A000DCB02 /* YellowShot.swift in Sources */ = {isa = PBXBuildFile; fileRef = C8FF6F69274FA97A000DCB02 /* YellowShot.swift */; };
		C8FF6F6C274FB1A5000DCB02 /* Assets.swift in Sources */ = {isa = PBXBuildFile; fileRef = C8FF6F6B274FB1A5000DCB02 /* Assets.swift */; };
		C8FF6F6E274FBDDC000DCB02 /* MenuScene.swift in Sources */ = {isa = PBXBuildFile; fileRef = C8FF6F6D274FBDDC000DCB02 /* MenuScene.swift */; };
		C8FF6F70274FCFBE000DCB02 /* BitMaskCategory.swift in Sources */ = {isa = PBXBuildFile; fileRef = C8FF6F6F274FCFBE000DCB02 /* BitMaskCategory.swift */; };
/* End PBXBuildFile section */

/* Begin PBXFileReference section */
		C85AC47D274E447700AD587F /* Enemy.swift */ = {isa = PBXFileReference; lastKnownFileType = sourcecode.swift; path = Enemy.swift; sourceTree = "<group>"; };
		C85AC47F274E44C800AD587F /* Enemy_1.atlas */ = {isa = PBXFileReference; lastKnownFileType = folder.skatlas; path = Enemy_1.atlas; sourceTree = "<group>"; };
		C85AC484274EAE3600AD587F /* Enemy_2.atlas */ = {isa = PBXFileReference; lastKnownFileType = folder.skatlas; path = Enemy_2.atlas; sourceTree = "<group>"; };
		C89EE6142750FA8300E1D5AC /* HUD.swift */ = {isa = PBXFileReference; lastKnownFileType = sourcecode.swift; path = HUD.swift; sourceTree = "<group>"; };
		C89EE61C2751081500E1D5AC /* ButtonNode.swift */ = {isa = PBXFileReference; lastKnownFileType = sourcecode.swift; path = ButtonNode.swift; sourceTree = "<group>"; };
		C89EE61E275115F500E1D5AC /* PauseScene.swift */ = {isa = PBXFileReference; lastKnownFileType = sourcecode.swift; path = PauseScene.swift; sourceTree = "<group>"; };
		C89EE6202751245800E1D5AC /* SceneManager.swift */ = {isa = PBXFileReference; lastKnownFileType = sourcecode.swift; path = SceneManager.swift; sourceTree = "<group>"; };
		C89EE62227513F1800E1D5AC /* ParentScene.swift */ = {isa = PBXFileReference; lastKnownFileType = sourcecode.swift; path = ParentScene.swift; sourceTree = "<group>"; };
		C89EE6242751436700E1D5AC /* OptionsScene.swift */ = {isa = PBXFileReference; lastKnownFileType = sourcecode.swift; path = OptionsScene.swift; sourceTree = "<group>"; };
		C8B9C194274BBC2100FC78F5 /* WarFly.app */ = {isa = PBXFileReference; explicitFileType = wrapper.application; includeInIndex = 0; path = WarFly.app; sourceTree = BUILT_PRODUCTS_DIR; };
		C8B9C197274BBC2100FC78F5 /* AppDelegate.swift */ = {isa = PBXFileReference; lastKnownFileType = sourcecode.swift; path = AppDelegate.swift; sourceTree = "<group>"; };
		C8B9C19D274BBC2100FC78F5 /* GameScene.swift */ = {isa = PBXFileReference; lastKnownFileType = sourcecode.swift; path = GameScene.swift; sourceTree = "<group>"; };
		C8B9C19F274BBC2100FC78F5 /* GameViewController.swift */ = {isa = PBXFileReference; lastKnownFileType = sourcecode.swift; path = GameViewController.swift; sourceTree = "<group>"; };
		C8B9C1A2274BBC2100FC78F5 /* Base */ = {isa = PBXFileReference; lastKnownFileType = file.storyboard; name = Base; path = Base.lproj/Main.storyboard; sourceTree = "<group>"; };
		C8B9C1A4274BBC2500FC78F5 /* Assets.xcassets */ = {isa = PBXFileReference; lastKnownFileType = folder.assetcatalog; path = Assets.xcassets; sourceTree = "<group>"; };
		C8B9C1A6274BBC2500FC78F5 /* Info.plist */ = {isa = PBXFileReference; lastKnownFileType = text.plist.xml; path = Info.plist; sourceTree = "<group>"; };
		C8B9C1AC274BD59800FC78F5 /* Background.swift */ = {isa = PBXFileReference; lastKnownFileType = sourcecode.swift; path = Background.swift; sourceTree = "<group>"; };
		C8B9C1AE274BDBB300FC78F5 /* Island.swift */ = {isa = PBXFileReference; lastKnownFileType = sourcecode.swift; path = Island.swift; sourceTree = "<group>"; };
		C8B9C1B0274BEB5A00FC78F5 /* Cloud.swift */ = {isa = PBXFileReference; lastKnownFileType = sourcecode.swift; path = Cloud.swift; sourceTree = "<group>"; };
		C8B9C1B2274BFC5900FC78F5 /* PlayerPlane.swift */ = {isa = PBXFileReference; lastKnownFileType = sourcecode.swift; path = PlayerPlane.swift; sourceTree = "<group>"; };
		C8B9C1B4274BFDCD00FC78F5 /* PlayerPlane.atlas */ = {isa = PBXFileReference; lastKnownFileType = folder.skatlas; path = PlayerPlane.atlas; sourceTree = "<group>"; };
		C8DE758327523A2900C34CC4 /* BestScene.swift */ = {isa = PBXFileReference; lastKnownFileType = sourcecode.swift; path = BestScene.swift; sourceTree = "<group>"; };
		C8DE7585275248BD00C34CC4 /* EnemyExplosion.sks */ = {isa = PBXFileReference; lastKnownFileType = file.sks; path = EnemyExplosion.sks; sourceTree = "<group>"; };
		C8DE7586275248BD00C34CC4 /* Assets.xcassets */ = {isa = PBXFileReference; lastKnownFileType = folder.assetcatalog; path = Assets.xcassets; sourceTree = "<group>"; };
		C8DE758A2752566900C34CC4 /* GameOverScene.swift */ = {isa = PBXFileReference; lastKnownFileType = sourcecode.swift; path = GameOverScene.swift; sourceTree = "<group>"; };
		C8DE758C275267FC00C34CC4 /* hitSound.wav */ = {isa = PBXFileReference; lastKnownFileType = audio.wav; path = hitSound.wav; sourceTree = "<group>"; };
		C8DE758D275267FC00C34CC4 /* backgroundMusic.m4a */ = {isa = PBXFileReference; lastKnownFileType = file; path = backgroundMusic.m4a; sourceTree = "<group>"; };
		C8EF4A75274D0DC600E2CE19 /* protocol GameBackgroundSpriteable + Extension.swift */ = {isa = PBXFileReference; lastKnownFileType = sourcecode.swift; path = "protocol GameBackgroundSpriteable + Extension.swift"; sourceTree = "<group>"; };
		C8EF4A77274D562100E2CE19 /* PowerUp.swift */ = {isa = PBXFileReference; lastKnownFileType = sourcecode.swift; path = PowerUp.swift; sourceTree = "<group>"; };
		C8EF4A79274D579D00E2CE19 /* GreenPowerUp.atlas */ = {isa = PBXFileReference; lastKnownFileType = folder.skatlas; path = GreenPowerUp.atlas; sourceTree = "<group>"; };
		C8FF6F5E274F90EE000DCB02 /* BluePowerUp.atlas */ = {isa = PBXFileReference; lastKnownFileType = folder.skatlas; path = BluePowerUp.atlas; sourceTree = "<group>"; };
		C8FF6F60274F9A6D000DCB02 /* BluePowerUp.swift */ = {isa = PBXFileReference; lastKnownFileType = sourcecode.swift; path = BluePowerUp.swift; sourceTree = "<group>"; };
		C8FF6F62274F9A91000DCB02 /* GreenPowerUp.swift */ = {isa = PBXFileReference; lastKnownFileType = sourcecode.swift; path = GreenPowerUp.swift; sourceTree = "<group>"; };
		C8FF6F64274FA4DE000DCB02 /* YellowAmmo.atlas */ = {isa = PBXFileReference; lastKnownFileType = folder.skatlas; path = YellowAmmo.atlas; sourceTree = "<group>"; };
		C8FF6F67274FA5C4000DCB02 /* Shot.swift */ = {isa = PBXFileReference; lastKnownFileType = sourcecode.swift; path = Shot.swift; sourceTree = "<group>"; };
		C8FF6F69274FA97A000DCB02 /* YellowShot.swift */ = {isa = PBXFileReference; lastKnownFileType = sourcecode.swift; path = YellowShot.swift; sourceTree = "<group>"; };
		C8FF6F6B274FB1A5000DCB02 /* Assets.swift */ = {isa = PBXFileReference; lastKnownFileType = sourcecode.swift; path = Assets.swift; sourceTree = "<group>"; };
		C8FF6F6D274FBDDC000DCB02 /* MenuScene.swift */ = {isa = PBXFileReference; lastKnownFileType = sourcecode.swift; path = MenuScene.swift; sourceTree = "<group>"; };
		C8FF6F6F274FCFBE000DCB02 /* BitMaskCategory.swift */ = {isa = PBXFileReference; lastKnownFileType = sourcecode.swift; path = BitMaskCategory.swift; sourceTree = "<group>"; };
/* End PBXFileReference section */

/* Begin PBXFrameworksBuildPhase section */
		C8B9C191274BBC2100FC78F5 /* Frameworks */ = {
			isa = PBXFrameworksBuildPhase;
			buildActionMask = 2147483647;
			files = (
			);
			runOnlyForDeploymentPostprocessing = 0;
		};
/* End PBXFrameworksBuildPhase section */

/* Begin PBXGroup section */
		C89EE6162750FE7500E1D5AC /* Supporting files */ = {
			isa = PBXGroup;
			children = (
				C8B9C197274BBC2100FC78F5 /* AppDelegate.swift */,
				C8DE758D275267FC00C34CC4 /* backgroundMusic.m4a */,
				C8DE758C275267FC00C34CC4 /* hitSound.wav */,
				C8B9C1A1274BBC2100FC78F5 /* Main.storyboard */,
				C8B9C1A4274BBC2500FC78F5 /* Assets.xcassets */,
				C8B9C1A6274BBC2500FC78F5 /* Info.plist */,
			);
			path = "Supporting files";
			sourceTree = "<group>";
		};
		C89EE6172750FE9800E1D5AC /* Controllers */ = {
			isa = PBXGroup;
			children = (
				C8B9C19F274BBC2100FC78F5 /* GameViewController.swift */,
			);
			path = Controllers;
			sourceTree = "<group>";
		};
		C89EE6182750FEC500E1D5AC /* Protocols + Extensions */ = {
			isa = PBXGroup;
			children = (
				C8EF4A75274D0DC600E2CE19 /* protocol GameBackgroundSpriteable + Extension.swift */,
			);
			path = "Protocols + Extensions";
			sourceTree = "<group>";
		};
		C89EE6192750FF1400E1D5AC /* Classes */ = {
			isa = PBXGroup;
			children = (
				C89EE61C2751081500E1D5AC /* ButtonNode.swift */,
				C89EE6142750FA8300E1D5AC /* HUD.swift */,
				C8B9C1B2274BFC5900FC78F5 /* PlayerPlane.swift */,
				C85AC47D274E447700AD587F /* Enemy.swift */,
				C8EF4A77274D562100E2CE19 /* PowerUp.swift */,
				C8FF6F60274F9A6D000DCB02 /* BluePowerUp.swift */,
				C8FF6F62274F9A91000DCB02 /* GreenPowerUp.swift */,
				C8B9C1AE274BDBB300FC78F5 /* Island.swift */,
				C8B9C1B0274BEB5A00FC78F5 /* Cloud.swift */,
				C8FF6F67274FA5C4000DCB02 /* Shot.swift */,
				C8FF6F69274FA97A000DCB02 /* YellowShot.swift */,
				C8B9C1AC274BD59800FC78F5 /* Background.swift */,
			);
			path = Classes;
			sourceTree = "<group>";
		};
		C89EE61A2750FF5700E1D5AC /* Managers */ = {
			isa = PBXGroup;
			children = (
				C8FF6F6B274FB1A5000DCB02 /* Assets.swift */,
				C8FF6F6F274FCFBE000DCB02 /* BitMaskCategory.swift */,
				C89EE6202751245800E1D5AC /* SceneManager.swift */,
			);
			path = Managers;
			sourceTree = "<group>";
		};
		C89EE61B2750FF7800E1D5AC /* Scenes */ = {
			isa = PBXGroup;
			children = (
				C8FF6F6D274FBDDC000DCB02 /* MenuScene.swift */,
				C89EE61E275115F500E1D5AC /* PauseScene.swift */,
				C8DE758327523A2900C34CC4 /* BestScene.swift */,
				C89EE6242751436700E1D5AC /* OptionsScene.swift */,
				C8B9C19D274BBC2100FC78F5 /* GameScene.swift */,
				C8DE758A2752566900C34CC4 /* GameOverScene.swift */,
				C8DE7586275248BD00C34CC4 /* Assets.xcassets */,
				C89EE62227513F1800E1D5AC /* ParentScene.swift */,
			);
			path = Scenes;
			sourceTree = "<group>";
		};
		C8B9C18B274BBC2100FC78F5 = {
			isa = PBXGroup;
			children = (
				C8B9C196274BBC2100FC78F5 /* WarFly */,
				C8B9C195274BBC2100FC78F5 /* Products */,
			);
			sourceTree = "<group>";
		};
		C8B9C195274BBC2100FC78F5 /* Products */ = {
			isa = PBXGroup;
			children = (
				C8B9C194274BBC2100FC78F5 /* WarFly.app */,
			);
			name = Products;
			sourceTree = "<group>";
		};
		C8B9C196274BBC2100FC78F5 /* WarFly */ = {
			isa = PBXGroup;
			children = (
				C8DE7589275248D700C34CC4 /* Particles */,
				C89EE61B2750FF7800E1D5AC /* Scenes */,
				C89EE61A2750FF5700E1D5AC /* Managers */,
				C89EE6192750FF1400E1D5AC /* Classes */,
				C89EE6182750FEC500E1D5AC /* Protocols + Extensions */,
				C89EE6172750FE9800E1D5AC /* Controllers */,
				C89EE6162750FE7500E1D5AC /* Supporting files */,
				C8FF6F66274FA57D000DCB02 /* Atlases */,
			);
			path = WarFly;
			sourceTree = "<group>";
		};
		C8DE7589275248D700C34CC4 /* Particles */ = {
			isa = PBXGroup;
			children = (
				C8DE7585275248BD00C34CC4 /* EnemyExplosion.sks */,
			);
			path = Particles;
			sourceTree = "<group>";
		};
		C8FF6F66274FA57D000DCB02 /* Atlases */ = {
			isa = PBXGroup;
			children = (
				C8FF6F64274FA4DE000DCB02 /* YellowAmmo.atlas */,
				C85AC484274EAE3600AD587F /* Enemy_2.atlas */,
				C85AC47F274E44C800AD587F /* Enemy_1.atlas */,
				C8EF4A79274D579D00E2CE19 /* GreenPowerUp.atlas */,
				C8B9C1B4274BFDCD00FC78F5 /* PlayerPlane.atlas */,
				C8FF6F5E274F90EE000DCB02 /* BluePowerUp.atlas */,
			);
			path = Atlases;
			sourceTree = "<group>";
		};
/* End PBXGroup section */

/* Begin PBXNativeTarget section */
		C8B9C193274BBC2100FC78F5 /* WarFly */ = {
			isa = PBXNativeTarget;
			buildConfigurationList = C8B9C1A9274BBC2500FC78F5 /* Build configuration list for PBXNativeTarget "WarFly" */;
			buildPhases = (
				C8B9C190274BBC2100FC78F5 /* Sources */,
				C8B9C191274BBC2100FC78F5 /* Frameworks */,
				C8B9C192274BBC2100FC78F5 /* Resources */,
			);
			buildRules = (
			);
			dependencies = (
			);
			name = WarFly;
			productName = WarFly;
			productReference = C8B9C194274BBC2100FC78F5 /* WarFly.app */;
			productType = "com.apple.product-type.application";
		};
/* End PBXNativeTarget section */

/* Begin PBXProject section */
		C8B9C18C274BBC2100FC78F5 /* Project object */ = {
			isa = PBXProject;
			attributes = {
				LastSwiftUpdateCheck = 1250;
				LastUpgradeCheck = 1250;
				TargetAttributes = {
					C8B9C193274BBC2100FC78F5 = {
						CreatedOnToolsVersion = 12.5.1;
					};
				};
			};
			buildConfigurationList = C8B9C18F274BBC2100FC78F5 /* Build configuration list for PBXProject "WarFly" */;
			compatibilityVersion = "Xcode 9.3";
			developmentRegion = en;
			hasScannedForEncodings = 0;
			knownRegions = (
				en,
				Base,
			);
			mainGroup = C8B9C18B274BBC2100FC78F5;
			productRefGroup = C8B9C195274BBC2100FC78F5 /* Products */;
			projectDirPath = "";
			projectRoot = "";
			targets = (
				C8B9C193274BBC2100FC78F5 /* WarFly */,
			);
		};
/* End PBXProject section */

/* Begin PBXResourcesBuildPhase section */
		C8B9C192274BBC2100FC78F5 /* Resources */ = {
			isa = PBXResourcesBuildPhase;
			buildActionMask = 2147483647;
			files = (
				C8EF4A7A274D579D00E2CE19 /* GreenPowerUp.atlas in Resources */,
				C8DE7587275248BD00C34CC4 /* EnemyExplosion.sks in Resources */,
				C8FF6F65274FA4DE000DCB02 /* YellowAmmo.atlas in Resources */,
				C8FF6F5F274F90EE000DCB02 /* BluePowerUp.atlas in Resources */,
				C8DE7588275248BD00C34CC4 /* Assets.xcassets in Resources */,
				C8B9C1B5274BFDCD00FC78F5 /* PlayerPlane.atlas in Resources */,
				C8B9C1A3274BBC2100FC78F5 /* Main.storyboard in Resources */,
				C85AC485274EAE3600AD587F /* Enemy_2.atlas in Resources */,
				C8DE758F275267FC00C34CC4 /* backgroundMusic.m4a in Resources */,
				C8B9C1A5274BBC2500FC78F5 /* Assets.xcassets in Resources */,
				C8DE758E275267FC00C34CC4 /* hitSound.wav in Resources */,
				C85AC480274E44C800AD587F /* Enemy_1.atlas in Resources */,
			);
			runOnlyForDeploymentPostprocessing = 0;
		};
/* End PBXResourcesBuildPhase section */

/* Begin PBXSourcesBuildPhase section */
		C8B9C190274BBC2100FC78F5 /* Sources */ = {
			isa = PBXSourcesBuildPhase;
			buildActionMask = 2147483647;
			files = (
				C8B9C19E274BBC2100FC78F5 /* GameScene.swift in Sources */,
				C8FF6F6A274FA97A000DCB02 /* YellowShot.swift in Sources */,
				C8B9C1B3274BFC5900FC78F5 /* PlayerPlane.swift in Sources */,
				C8B9C1B1274BEB5A00FC78F5 /* Cloud.swift in Sources */,
				C8B9C1A0274BBC2100FC78F5 /* GameViewController.swift in Sources */,
				C8FF6F61274F9A6D000DCB02 /* BluePowerUp.swift in Sources */,
				C8B9C198274BBC2100FC78F5 /* AppDelegate.swift in Sources */,
				C8EF4A76274D0DC600E2CE19 /* protocol GameBackgroundSpriteable + Extension.swift in Sources */,
				C8FF6F6C274FB1A5000DCB02 /* Assets.swift in Sources */,
				C85AC47E274E447700AD587F /* Enemy.swift in Sources */,
				C8DE758B2752566900C34CC4 /* GameOverScene.swift in Sources */,
				C89EE6212751245800E1D5AC /* SceneManager.swift in Sources */,
				C8FF6F63274F9A91000DCB02 /* GreenPowerUp.swift in Sources */,
				C8B9C1AF274BDBB300FC78F5 /* Island.swift in Sources */,
				C8EF4A78274D562100E2CE19 /* PowerUp.swift in Sources */,
				C8DE758427523A2900C34CC4 /* BestScene.swift in Sources */,
				C8FF6F70274FCFBE000DCB02 /* BitMaskCategory.swift in Sources */,
				C8FF6F6E274FBDDC000DCB02 /* MenuScene.swift in Sources */,
				C89EE62327513F1800E1D5AC /* ParentScene.swift in Sources */,
				C89EE61F275115F500E1D5AC /* PauseScene.swift in Sources */,
				C89EE6152750FA8300E1D5AC /* HUD.swift in Sources */,
				C8FF6F68274FA5C4000DCB02 /* Shot.swift in Sources */,
				C8B9C1AD274BD59800FC78F5 /* Background.swift in Sources */,
				C89EE61D2751081500E1D5AC /* ButtonNode.swift in Sources */,
				C89EE6252751436700E1D5AC /* OptionsScene.swift in Sources */,
			);
			runOnlyForDeploymentPostprocessing = 0;
		};
/* End PBXSourcesBuildPhase section */

/* Begin PBXVariantGroup section */
		C8B9C1A1274BBC2100FC78F5 /* Main.storyboard */ = {
			isa = PBXVariantGroup;
			children = (
				C8B9C1A2274BBC2100FC78F5 /* Base */,
			);
			name = Main.storyboard;
			sourceTree = "<group>";
		};
/* End PBXVariantGroup section */

/* Begin XCBuildConfiguration section */
		C8B9C1A7274BBC2500FC78F5 /* Debug */ = {
			isa = XCBuildConfiguration;
			buildSettings = {
				ALWAYS_SEARCH_USER_PATHS = NO;
				CLANG_ANALYZER_NONNULL = YES;
				CLANG_ANALYZER_NUMBER_OBJECT_CONVERSION = YES_AGGRESSIVE;
				CLANG_CXX_LANGUAGE_STANDARD = "gnu++14";
				CLANG_CXX_LIBRARY = "libc++";
				CLANG_ENABLE_MODULES = YES;
				CLANG_ENABLE_OBJC_ARC = YES;
				CLANG_ENABLE_OBJC_WEAK = YES;
				CLANG_WARN_BLOCK_CAPTURE_AUTORELEASING = YES;
				CLANG_WARN_BOOL_CONVERSION = YES;
				CLANG_WARN_COMMA = YES;
				CLANG_WARN_CONSTANT_CONVERSION = YES;
				CLANG_WARN_DEPRECATED_OBJC_IMPLEMENTATIONS = YES;
				CLANG_WARN_DIRECT_OBJC_ISA_USAGE = YES_ERROR;
				CLANG_WARN_DOCUMENTATION_COMMENTS = YES;
				CLANG_WARN_EMPTY_BODY = YES;
				CLANG_WARN_ENUM_CONVERSION = YES;
				CLANG_WARN_INFINITE_RECURSION = YES;
				CLANG_WARN_INT_CONVERSION = YES;
				CLANG_WARN_NON_LITERAL_NULL_CONVERSION = YES;
				CLANG_WARN_OBJC_IMPLICIT_RETAIN_SELF = YES;
				CLANG_WARN_OBJC_LITERAL_CONVERSION = YES;
				CLANG_WARN_OBJC_ROOT_CLASS = YES_ERROR;
				CLANG_WARN_QUOTED_INCLUDE_IN_FRAMEWORK_HEADER = YES;
				CLANG_WARN_RANGE_LOOP_ANALYSIS = YES;
				CLANG_WARN_STRICT_PROTOTYPES = YES;
				CLANG_WARN_SUSPICIOUS_MOVE = YES;
				CLANG_WARN_UNGUARDED_AVAILABILITY = YES_AGGRESSIVE;
				CLANG_WARN_UNREACHABLE_CODE = YES;
				CLANG_WARN__DUPLICATE_METHOD_MATCH = YES;
				COPY_PHASE_STRIP = NO;
				DEBUG_INFORMATION_FORMAT = dwarf;
				ENABLE_STRICT_OBJC_MSGSEND = YES;
				ENABLE_TESTABILITY = YES;
				GCC_C_LANGUAGE_STANDARD = gnu11;
				GCC_DYNAMIC_NO_PIC = NO;
				GCC_NO_COMMON_BLOCKS = YES;
				GCC_OPTIMIZATION_LEVEL = 0;
				GCC_PREPROCESSOR_DEFINITIONS = (
					"DEBUG=1",
					"$(inherited)",
				);
				GCC_WARN_64_TO_32_BIT_CONVERSION = YES;
				GCC_WARN_ABOUT_RETURN_TYPE = YES_ERROR;
				GCC_WARN_UNDECLARED_SELECTOR = YES;
				GCC_WARN_UNINITIALIZED_AUTOS = YES_AGGRESSIVE;
				GCC_WARN_UNUSED_FUNCTION = YES;
				GCC_WARN_UNUSED_VARIABLE = YES;
				IPHONEOS_DEPLOYMENT_TARGET = 14.5;
				MTL_ENABLE_DEBUG_INFO = INCLUDE_SOURCE;
				MTL_FAST_MATH = YES;
				ONLY_ACTIVE_ARCH = YES;
				SDKROOT = iphoneos;
				SWIFT_ACTIVE_COMPILATION_CONDITIONS = DEBUG;
				SWIFT_OPTIMIZATION_LEVEL = "-Onone";
			};
			name = Debug;
		};
		C8B9C1A8274BBC2500FC78F5 /* Release */ = {
			isa = XCBuildConfiguration;
			buildSettings = {
				ALWAYS_SEARCH_USER_PATHS = NO;
				CLANG_ANALYZER_NONNULL = YES;
				CLANG_ANALYZER_NUMBER_OBJECT_CONVERSION = YES_AGGRESSIVE;
				CLANG_CXX_LANGUAGE_STANDARD = "gnu++14";
				CLANG_CXX_LIBRARY = "libc++";
				CLANG_ENABLE_MODULES = YES;
				CLANG_ENABLE_OBJC_ARC = YES;
				CLANG_ENABLE_OBJC_WEAK = YES;
				CLANG_WARN_BLOCK_CAPTURE_AUTORELEASING = YES;
				CLANG_WARN_BOOL_CONVERSION = YES;
				CLANG_WARN_COMMA = YES;
				CLANG_WARN_CONSTANT_CONVERSION = YES;
				CLANG_WARN_DEPRECATED_OBJC_IMPLEMENTATIONS = YES;
				CLANG_WARN_DIRECT_OBJC_ISA_USAGE = YES_ERROR;
				CLANG_WARN_DOCUMENTATION_COMMENTS = YES;
				CLANG_WARN_EMPTY_BODY = YES;
				CLANG_WARN_ENUM_CONVERSION = YES;
				CLANG_WARN_INFINITE_RECURSION = YES;
				CLANG_WARN_INT_CONVERSION = YES;
				CLANG_WARN_NON_LITERAL_NULL_CONVERSION = YES;
				CLANG_WARN_OBJC_IMPLICIT_RETAIN_SELF = YES;
				CLANG_WARN_OBJC_LITERAL_CONVERSION = YES;
				CLANG_WARN_OBJC_ROOT_CLASS = YES_ERROR;
				CLANG_WARN_QUOTED_INCLUDE_IN_FRAMEWORK_HEADER = YES;
				CLANG_WARN_RANGE_LOOP_ANALYSIS = YES;
				CLANG_WARN_STRICT_PROTOTYPES = YES;
				CLANG_WARN_SUSPICIOUS_MOVE = YES;
				CLANG_WARN_UNGUARDED_AVAILABILITY = YES_AGGRESSIVE;
				CLANG_WARN_UNREACHABLE_CODE = YES;
				CLANG_WARN__DUPLICATE_METHOD_MATCH = YES;
				COPY_PHASE_STRIP = NO;
				DEBUG_INFORMATION_FORMAT = "dwarf-with-dsym";
				ENABLE_NS_ASSERTIONS = NO;
				ENABLE_STRICT_OBJC_MSGSEND = YES;
				GCC_C_LANGUAGE_STANDARD = gnu11;
				GCC_NO_COMMON_BLOCKS = YES;
				GCC_WARN_64_TO_32_BIT_CONVERSION = YES;
				GCC_WARN_ABOUT_RETURN_TYPE = YES_ERROR;
				GCC_WARN_UNDECLARED_SELECTOR = YES;
				GCC_WARN_UNINITIALIZED_AUTOS = YES_AGGRESSIVE;
				GCC_WARN_UNUSED_FUNCTION = YES;
				GCC_WARN_UNUSED_VARIABLE = YES;
				IPHONEOS_DEPLOYMENT_TARGET = 14.5;
				MTL_ENABLE_DEBUG_INFO = NO;
				MTL_FAST_MATH = YES;
				SDKROOT = iphoneos;
				SWIFT_COMPILATION_MODE = wholemodule;
				SWIFT_OPTIMIZATION_LEVEL = "-O";
				VALIDATE_PRODUCT = YES;
			};
			name = Release;
		};
		C8B9C1AA274BBC2500FC78F5 /* Debug */ = {
			isa = XCBuildConfiguration;
			buildSettings = {
				ASSETCATALOG_COMPILER_APPICON_NAME = AppIcon;
				ASSETCATALOG_COMPILER_GLOBAL_ACCENT_COLOR_NAME = AccentColor;
				CODE_SIGN_STYLE = Automatic;
				DEVELOPMENT_TEAM = PZ4TJ9HJ8L;
				INFOPLIST_FILE = "$(SRCROOT)/WarFly/Supporting files/Info.plist";
				LD_RUNPATH_SEARCH_PATHS = (
					"$(inherited)",
					"@executable_path/Frameworks",
				);
				PRODUCT_BUNDLE_IDENTIFIER = ru.varda.WarFly;
				PRODUCT_NAME = "$(TARGET_NAME)";
				SWIFT_VERSION = 5.0;
				TARGETED_DEVICE_FAMILY = "1,2";
			};
			name = Debug;
		};
		C8B9C1AB274BBC2500FC78F5 /* Release */ = {
			isa = XCBuildConfiguration;
			buildSettings = {
				ASSETCATALOG_COMPILER_APPICON_NAME = AppIcon;
				ASSETCATALOG_COMPILER_GLOBAL_ACCENT_COLOR_NAME = AccentColor;
				CODE_SIGN_STYLE = Automatic;
				DEVELOPMENT_TEAM = PZ4TJ9HJ8L;
				INFOPLIST_FILE = "$(SRCROOT)/WarFly/Supporting files/Info.plist";
				LD_RUNPATH_SEARCH_PATHS = (
					"$(inherited)",
					"@executable_path/Frameworks",
				);
				PRODUCT_BUNDLE_IDENTIFIER = ru.varda.WarFly;
				PRODUCT_NAME = "$(TARGET_NAME)";
				SWIFT_VERSION = 5.0;
				TARGETED_DEVICE_FAMILY = "1,2";
			};
			name = Release;
		};
/* End XCBuildConfiguration section */

/* Begin XCConfigurationList section */
		C8B9C18F274BBC2100FC78F5 /* Build configuration list for PBXProject "WarFly" */ = {
			isa = XCConfigurationList;
			buildConfigurations = (
				C8B9C1A7274BBC2500FC78F5 /* Debug */,
				C8B9C1A8274BBC2500FC78F5 /* Release */,
			);
			defaultConfigurationIsVisible = 0;
			defaultConfigurationName = Release;
		};
		C8B9C1A9274BBC2500FC78F5 /* Build configuration list for PBXNativeTarget "WarFly" */ = {
			isa = XCConfigurationList;
			buildConfigurations = (
				C8B9C1AA274BBC2500FC78F5 /* Debug */,
				C8B9C1AB274BBC2500FC78F5 /* Release */,
			);
			defaultConfigurationIsVisible = 0;
			defaultConfigurationName = Release;
		};
/* End XCConfigurationList section */
	};
	rootObject = C8B9C18C274BBC2100FC78F5 /* Project object */;
}
